{
  "lockfileVersion": 1,
  "workspaces": {
    "": {
      "name": "tidy-ts-dataframe-examples",
      "dependencies": {
        "@tidy-ts/dataframe": "file:../../src/dataframe",
      },
    },
  },
  "packages": {
    "@tidy-ts/dataframe": ["@tidy-ts/dataframe@file:../../src/dataframe", {}],
  }
}
